
Microsoft Visual Studio Solution File, Format Version 12.00
Project("{FAE04EC0-301F-11D3-BF4B-00C04F79EFBC}") = "FasterSmelts", "FasterSmelts\FasterSmelts\FasterSmelts.csproj", "{DB1BB59E-0C79-4ECB-8707-032C5CD73800}"
EndProject
Project("{FAE04EC0-301F-11D3-BF4B-00C04F79EFBC}") = "CakeBuild", "FasterSmelts\CakeBuild\CakeBuild.csproj", "{A7371E02-C2D9-421E-B438-15602C6DD02A}"
EndProject
Global
	GlobalSection(SolutionConfigurationPlatforms) = preSolution
		Debug|Any CPU = Debug|Any CPU
		Release|Any CPU = Release|Any CPU
	EndGlobalSection
	GlobalSection(ProjectConfigurationPlatforms) = postSolution
		{DB1BB59E-0C79-4ECB-8707-032C5CD73800}.Debug|Any CPU.ActiveCfg = Debug|Any CPU
		{DB1BB59E-0C79-4ECB-8707-032C5CD73800}.Debug|Any CPU.Build.0 = Debug|Any CPU
		{DB1BB59E-0C79-4ECB-8707-032C5CD73800}.Release|Any CPU.ActiveCfg = Release|Any CPU
		{DB1BB59E-0C79-4ECB-8707-032C5CD73800}.Release|Any CPU.Build.0 = Release|Any CPU
		{A7371E02-C2D9-421E-B438-15602C6DD02A}.Debug|Any CPU.ActiveCfg = Debug|Any CPU
		{A7371E02-C2D9-421E-B438-15602C6DD02A}.Debug|Any CPU.Build.0 = Debug|Any CPU
		{A7371E02-C2D9-421E-B438-15602C6DD02A}.Release|Any CPU.ActiveCfg = Release|Any CPU
		{A7371E02-C2D9-421E-B438-15602C6DD02A}.Release|Any CPU.Build.0 = Release|Any CPU
	EndGlobalSection
EndGlobal
